
Microsoft Visual Studio Solution File, Format Version 12.00
# Visual Studio Version 17
VisualStudioVersion = 17.6.33815.320
MinimumVisualStudioVersion = 10.0.40219.1
Project("{FAE04EC0-301F-11D3-BF4B-00C04F79EFBC}") = "methodoverloading", "methodoverloading\methodoverloading.csproj", "{4221D6F3-A56B-4DA5-83A3-A69C9ECD613A}"
EndProject
Global
	GlobalSection(SolutionConfigurationPlatforms) = preSolution
		Debug|Any CPU = Debug|Any CPU
		Release|Any CPU = Release|Any CPU
	EndGlobalSection
	GlobalSection(ProjectConfigurationPlatforms) = postSolution
		{4221D6F3-A56B-4DA5-83A3-A69C9ECD613A}.Debug|Any CPU.ActiveCfg = Debug|Any CPU
		{4221D6F3-A56B-4DA5-83A3-A69C9ECD613A}.Debug|Any CPU.Build.0 = Debug|Any CPU
		{4221D6F3-A56B-4DA5-83A3-A69C9ECD613A}.Release|Any CPU.ActiveCfg = Release|Any CPU
		{4221D6F3-A56B-4DA5-83A3-A69C9ECD613A}.Release|Any CPU.Build.0 = Release|Any CPU
	EndGlobalSection
	GlobalSection(SolutionProperties) = preSolution
		HideSolutionNode = FALSE
	EndGlobalSection
	GlobalSection(ExtensibilityGlobals) = postSolution
		SolutionGuid = {5C9788F4-34BF-4A13-81BA-A099F9F6A493}
	EndGlobalSection
EndGlobal
